
Microsoft Visual Studio Solution File, Format Version 12.00
# Visual Studio 15
VisualStudioVersion = 15.0.28307.271
MinimumVisualStudioVersion = 10.0.40219.1
Project("{FAE04EC0-301F-11D3-BF4B-00C04F79EFBC}") = "WebAPIModule1", "WebAPIModule1\WebAPIModule1.csproj", "{0FE4FDA6-FD41-4F25-8899-58D4FA534A17}"
EndProject
Global
	GlobalSection(SolutionConfigurationPlatforms) = preSolution
		Debug|Any CPU = Debug|Any CPU
		Release|Any CPU = Release|Any CPU
	EndGlobalSection
	GlobalSection(ProjectConfigurationPlatforms) = postSolution
		{0FE4FDA6-FD41-4F25-8899-58D4FA534A17}.Debug|Any CPU.ActiveCfg = Debug|Any CPU
		{0FE4FDA6-FD41-4F25-8899-58D4FA534A17}.Debug|Any CPU.Build.0 = Debug|Any CPU
		{0FE4FDA6-FD41-4F25-8899-58D4FA534A17}.Release|Any CPU.ActiveCfg = Release|Any CPU
		{0FE4FDA6-FD41-4F25-8899-58D4FA534A17}.Release|Any CPU.Build.0 = Release|Any CPU
	EndGlobalSection
	GlobalSection(SolutionProperties) = preSolution
		HideSolutionNode = FALSE
	EndGlobalSection
	GlobalSection(ExtensibilityGlobals) = postSolution
		SolutionGuid = {45C86A97-43DF-4627-BF82-9DE54BC3E246}
	EndGlobalSection
EndGlobal
